
Microsoft Visual Studio Solution File, Format Version 12.00
# Visual Studio 15
VisualStudioVersion = 15.0.26124.0
MinimumVisualStudioVersion = 15.0.26124.0
Project("{FAE04EC0-301F-11D3-BF4B-00C04F79EFBC}") = "Engine", "Engine\Engine.csproj", "{5D6E55A4-CE55-4D3D-BA2C-8CC8DB8E9086}"
EndProject
Project("{FAE04EC0-301F-11D3-BF4B-00C04F79EFBC}") = "Tests", "Tests\Tests.csproj", "{6808529B-7AE8-42AF-B03A-5FE577F39FF9}"
EndProject
Global
	GlobalSection(SolutionConfigurationPlatforms) = preSolution
		Debug|Any CPU = Debug|Any CPU
		Debug|x64 = Debug|x64
		Debug|x86 = Debug|x86
		Release|Any CPU = Release|Any CPU
		Release|x64 = Release|x64
		Release|x86 = Release|x86
	EndGlobalSection
	GlobalSection(SolutionProperties) = preSolution
		HideSolutionNode = FALSE
	EndGlobalSection
	GlobalSection(ProjectConfigurationPlatforms) = postSolution
		{5D6E55A4-CE55-4D3D-BA2C-8CC8DB8E9086}.Debug|Any CPU.ActiveCfg = Debug|Any CPU
		{5D6E55A4-CE55-4D3D-BA2C-8CC8DB8E9086}.Debug|Any CPU.Build.0 = Debug|Any CPU
		{5D6E55A4-CE55-4D3D-BA2C-8CC8DB8E9086}.Debug|x64.ActiveCfg = Debug|Any CPU
		{5D6E55A4-CE55-4D3D-BA2C-8CC8DB8E9086}.Debug|x64.Build.0 = Debug|Any CPU
		{5D6E55A4-CE55-4D3D-BA2C-8CC8DB8E9086}.Debug|x86.ActiveCfg = Debug|Any CPU
		{5D6E55A4-CE55-4D3D-BA2C-8CC8DB8E9086}.Debug|x86.Build.0 = Debug|Any CPU
		{5D6E55A4-CE55-4D3D-BA2C-8CC8DB8E9086}.Release|Any CPU.ActiveCfg = Release|Any CPU
		{5D6E55A4-CE55-4D3D-BA2C-8CC8DB8E9086}.Release|Any CPU.Build.0 = Release|Any CPU
		{5D6E55A4-CE55-4D3D-BA2C-8CC8DB8E9086}.Release|x64.ActiveCfg = Release|Any CPU
		{5D6E55A4-CE55-4D3D-BA2C-8CC8DB8E9086}.Release|x64.Build.0 = Release|Any CPU
		{5D6E55A4-CE55-4D3D-BA2C-8CC8DB8E9086}.Release|x86.ActiveCfg = Release|Any CPU
		{5D6E55A4-CE55-4D3D-BA2C-8CC8DB8E9086}.Release|x86.Build.0 = Release|Any CPU
		{6808529B-7AE8-42AF-B03A-5FE577F39FF9}.Debug|Any CPU.ActiveCfg = Debug|Any CPU
		{6808529B-7AE8-42AF-B03A-5FE577F39FF9}.Debug|Any CPU.Build.0 = Debug|Any CPU
		{6808529B-7AE8-42AF-B03A-5FE577F39FF9}.Debug|x64.ActiveCfg = Debug|Any CPU
		{6808529B-7AE8-42AF-B03A-5FE577F39FF9}.Debug|x64.Build.0 = Debug|Any CPU
		{6808529B-7AE8-42AF-B03A-5FE577F39FF9}.Debug|x86.ActiveCfg = Debug|Any CPU
		{6808529B-7AE8-42AF-B03A-5FE577F39FF9}.Debug|x86.Build.0 = Debug|Any CPU
		{6808529B-7AE8-42AF-B03A-5FE577F39FF9}.Release|Any CPU.ActiveCfg = Release|Any CPU
		{6808529B-7AE8-42AF-B03A-5FE577F39FF9}.Release|Any CPU.Build.0 = Release|Any CPU
		{6808529B-7AE8-42AF-B03A-5FE577F39FF9}.Release|x64.ActiveCfg = Release|Any CPU
		{6808529B-7AE8-42AF-B03A-5FE577F39FF9}.Release|x64.Build.0 = Release|Any CPU
		{6808529B-7AE8-42AF-B03A-5FE577F39FF9}.Release|x86.ActiveCfg = Release|Any CPU
		{6808529B-7AE8-42AF-B03A-5FE577F39FF9}.Release|x86.Build.0 = Release|Any CPU
	EndGlobalSection
EndGlobal
